
Microsoft Visual Studio Solution File, Format Version 12.00
# Visual Studio Version 17
VisualStudioVersion = 17.0.31912.275
MinimumVisualStudioVersion = 10.0.40219.1
Project("{2150E333-8FDC-42A3-9474-1A3956D46DE8}") = "src", "src", "{21DB3700-B41D-4326-9C9A-12203EB0DEE2}"
EndProject
Project("{9A19103F-16F7-4668-BE54-9A1E7A4F7556}") = "CsKafka", "src\CsKafka\CsKafka.csproj", "{610B72E5-044F-4178-8CF8-F95C7A5C2A26}"
EndProject
Global
	GlobalSection(SolutionConfigurationPlatforms) = preSolution
		Debug|Any CPU = Debug|Any CPU
		Release|Any CPU = Release|Any CPU
	EndGlobalSection
	GlobalSection(ProjectConfigurationPlatforms) = postSolution
		{610B72E5-044F-4178-8CF8-F95C7A5C2A26}.Debug|Any CPU.ActiveCfg = Debug|Any CPU
		{610B72E5-044F-4178-8CF8-F95C7A5C2A26}.Debug|Any CPU.Build.0 = Debug|Any CPU
		{610B72E5-044F-4178-8CF8-F95C7A5C2A26}.Release|Any CPU.ActiveCfg = Release|Any CPU
		{610B72E5-044F-4178-8CF8-F95C7A5C2A26}.Release|Any CPU.Build.0 = Release|Any CPU
	EndGlobalSection
	GlobalSection(SolutionProperties) = preSolution
		HideSolutionNode = FALSE
	EndGlobalSection
	GlobalSection(NestedProjects) = preSolution
		{610B72E5-044F-4178-8CF8-F95C7A5C2A26} = {21DB3700-B41D-4326-9C9A-12203EB0DEE2}
	EndGlobalSection
	GlobalSection(ExtensibilityGlobals) = postSolution
		SolutionGuid = {13264CB8-4BC2-4E2E-BFF8-C4619F4C797C}
	EndGlobalSection
EndGlobal
